{
  "name": "provinces",
  "version": "1.0.0",
  "lockfileVersion": 1,
  "requires": true,
  "dependencies": {
    "wtf_wikipedia": {
      "version": "8.1.1",
      "resolved": "https://registry.npmjs.org/wtf_wikipedia/-/wtf_wikipedia-8.1.1.tgz",
      "integrity": "sha512-i1aQRLi5gP5rq/c3XqayJ4ecP9fbReiZGz51tSx+NZ+UMqmUd4GNcpTFF5c2bKfgkXQDUGy5dUtsW2P+LXf/6g=="
    }
  }
}
